// !$*UTF8*$!
{
	archiveVersion = 1;
	classes = {
	};
	objectVersion = 56;
	objects = {

/* Begin PBXBuildFile section */
		433D52762C4B2A3A00511DF7 /* AddItem.swift in Sources */ = {isa = PBXBuildFile; fileRef = 433D52752C4B2A3A00511DF7 /* AddItem.swift */; };
		433D52792C4B3F8800511DF7 /* Property List.plist in Resources */ = {isa = PBXBuildFile; fileRef = 433D52782C4B3F8800511DF7 /* Property List.plist */; };
		4342ADEB2C4AD67E005AAAD7 /* Work_10App.swift in Sources */ = {isa = PBXBuildFile; fileRef = 4342ADEA2C4AD67E005AAAD7 /* Work_10App.swift */; };
		4342ADED2C4AD67E005AAAD7 /* ContentView.swift in Sources */ = {isa = PBXBuildFile; fileRef = 4342ADEC2C4AD67E005AAAD7 /* ContentView.swift */; };
		4342ADEF2C4AD67E005AAAD7 /* Item.swift in Sources */ = {isa = PBXBuildFile; fileRef = 4342ADEE2C4AD67E005AAAD7 /* Item.swift */; };
		4342ADF12C4AD67F005AAAD7 /* Assets.xcassets in Resources */ = {isa = PBXBuildFile; fileRef = 4342ADF02C4AD67F005AAAD7 /* Assets.xcassets */; };
		4342ADF52C4AD67F005AAAD7 /* Preview Assets.xcassets in Resources */ = {isa = PBXBuildFile; fileRef = 4342ADF42C4AD67F005AAAD7 /* Preview Assets.xcassets */; };
		43812C562C4DA6E800A97C65 /* TaskView.swift in Sources */ = {isa = PBXBuildFile; fileRef = 43812C552C4DA6E800A97C65 /* TaskView.swift */; };
		43F6BB472C4B280400BFEFCD /* NavigationViewModel.swift in Sources */ = {isa = PBXBuildFile; fileRef = 43F6BB462C4B280400BFEFCD /* NavigationViewModel.swift */; };
		43F6BB492C4B28F600BFEFCD /* ColorsAndStyles.swift in Sources */ = {isa = PBXBuildFile; fileRef = 43F6BB482C4B28F600BFEFCD /* ColorsAndStyles.swift */; };
/* End PBXBuildFile section */

/* Begin PBXFileReference section */
		433D52752C4B2A3A00511DF7 /* AddItem.swift */ = {isa = PBXFileReference; lastKnownFileType = sourcecode.swift; path = AddItem.swift; sourceTree = "<group>"; };
		433D52772C4B3F6500511DF7 /* Work-10-Info.plist */ = {isa = PBXFileReference; lastKnownFileType = text.plist; path = "Work-10-Info.plist"; sourceTree = SOURCE_ROOT; };
		433D52782C4B3F8800511DF7 /* Property List.plist */ = {isa = PBXFileReference; lastKnownFileType = text.plist.xml; path = "Property List.plist"; sourceTree = "<group>"; };
		4342ADE72C4AD67E005AAAD7 /* Work 10.app */ = {isa = PBXFileReference; explicitFileType = wrapper.application; includeInIndex = 0; path = "Work 10.app"; sourceTree = BUILT_PRODUCTS_DIR; };
		4342ADEA2C4AD67E005AAAD7 /* Work_10App.swift */ = {isa = PBXFileReference; lastKnownFileType = sourcecode.swift; path = Work_10App.swift; sourceTree = "<group>"; };
		4342ADEC2C4AD67E005AAAD7 /* ContentView.swift */ = {isa = PBXFileReference; lastKnownFileType = sourcecode.swift; path = ContentView.swift; sourceTree = "<group>"; };
		4342ADEE2C4AD67E005AAAD7 /* Item.swift */ = {isa = PBXFileReference; lastKnownFileType = sourcecode.swift; path = Item.swift; sourceTree = "<group>"; };
		4342ADF02C4AD67F005AAAD7 /* Assets.xcassets */ = {isa = PBXFileReference; lastKnownFileType = folder.assetcatalog; path = Assets.xcassets; sourceTree = "<group>"; };
		4342ADF22C4AD67F005AAAD7 /* Work_10.entitlements */ = {isa = PBXFileReference; lastKnownFileType = text.plist.entitlements; path = Work_10.entitlements; sourceTree = "<group>"; };
		4342ADF42C4AD67F005AAAD7 /* Preview Assets.xcassets */ = {isa = PBXFileReference; lastKnownFileType = folder.assetcatalog; path = "Preview Assets.xcassets"; sourceTree = "<group>"; };
		43812C552C4DA6E800A97C65 /* TaskView.swift */ = {isa = PBXFileReference; lastKnownFileType = sourcecode.swift; path = TaskView.swift; sourceTree = "<group>"; };
		43F6BB462C4B280400BFEFCD /* NavigationViewModel.swift */ = {isa = PBXFileReference; lastKnownFileType = sourcecode.swift; path = NavigationViewModel.swift; sourceTree = "<group>"; };
		43F6BB482C4B28F600BFEFCD /* ColorsAndStyles.swift */ = {isa = PBXFileReference; lastKnownFileType = sourcecode.swift; path = ColorsAndStyles.swift; sourceTree = "<group>"; };
/* End PBXFileReference section */

/* Begin PBXFrameworksBuildPhase section */
		4342ADE42C4AD67E005AAAD7 /* Frameworks */ = {
			isa = PBXFrameworksBuildPhase;
			buildActionMask = 2147483647;
			files = (
			);
			runOnlyForDeploymentPostprocessing = 0;
		};
/* End PBXFrameworksBuildPhase section */

/* Begin PBXGroup section */
		4342ADDE2C4AD67E005AAAD7 = {
			isa = PBXGroup;
			children = (
				433D52782C4B3F8800511DF7 /* Property List.plist */,
				4342ADE92C4AD67E005AAAD7 /* Work 10 */,
				4342ADE82C4AD67E005AAAD7 /* Products */,
			);
			sourceTree = "<group>";
		};
		4342ADE82C4AD67E005AAAD7 /* Products */ = {
			isa = PBXGroup;
			children = (
				4342ADE72C4AD67E005AAAD7 /* Work 10.app */,
			);
			name = Products;
			sourceTree = "<group>";
		};
		4342ADE92C4AD67E005AAAD7 /* Work 10 */ = {
			isa = PBXGroup;
			children = (
				433D52772C4B3F6500511DF7 /* Work-10-Info.plist */,
				4342ADEA2C4AD67E005AAAD7 /* Work_10App.swift */,
				4342ADEC2C4AD67E005AAAD7 /* ContentView.swift */,
				43812C552C4DA6E800A97C65 /* TaskView.swift */,
				433D52752C4B2A3A00511DF7 /* AddItem.swift */,
				43F6BB462C4B280400BFEFCD /* NavigationViewModel.swift */,
				4342ADEE2C4AD67E005AAAD7 /* Item.swift */,
				43F6BB482C4B28F600BFEFCD /* ColorsAndStyles.swift */,
				4342ADF02C4AD67F005AAAD7 /* Assets.xcassets */,
				4342ADF22C4AD67F005AAAD7 /* Work_10.entitlements */,
				4342ADF32C4AD67F005AAAD7 /* Preview Content */,
			);
			path = "Work 10";
			sourceTree = "<group>";
		};
		4342ADF32C4AD67F005AAAD7 /* Preview Content */ = {
			isa = PBXGroup;
			children = (
				4342ADF42C4AD67F005AAAD7 /* Preview Assets.xcassets */,
			);
			path = "Preview Content";
			sourceTree = "<group>";
		};
/* End PBXGroup section */

/* Begin PBXNativeTarget section */
		4342ADE62C4AD67E005AAAD7 /* Work 10 */ = {
			isa = PBXNativeTarget;
			buildConfigurationList = 4342ADF82C4AD67F005AAAD7 /* Build configuration list for PBXNativeTarget "Work 10" */;
			buildPhases = (
				4342ADE32C4AD67E005AAAD7 /* Sources */,
				4342ADE42C4AD67E005AAAD7 /* Frameworks */,
				4342ADE52C4AD67E005AAAD7 /* Resources */,
			);
			buildRules = (
			);
			dependencies = (
			);
			name = "Work 10";
			productName = "Work 10";
			productReference = 4342ADE72C4AD67E005AAAD7 /* Work 10.app */;
			productType = "com.apple.product-type.application";
		};
/* End PBXNativeTarget section */

/* Begin PBXProject section */
		4342ADDF2C4AD67E005AAAD7 /* Project object */ = {
			isa = PBXProject;
			attributes = {
				BuildIndependentTargetsInParallel = 1;
				LastSwiftUpdateCheck = 1540;
				LastUpgradeCheck = 1540;
				TargetAttributes = {
					4342ADE62C4AD67E005AAAD7 = {
						CreatedOnToolsVersion = 15.4;
					};
				};
			};
			buildConfigurationList = 4342ADE22C4AD67E005AAAD7 /* Build configuration list for PBXProject "Work 10" */;
			compatibilityVersion = "Xcode 14.0";
			developmentRegion = en;
			hasScannedForEncodings = 0;
			knownRegions = (
				en,
				Base,
			);
			mainGroup = 4342ADDE2C4AD67E005AAAD7;
			productRefGroup = 4342ADE82C4AD67E005AAAD7 /* Products */;
			projectDirPath = "";
			projectRoot = "";
			targets = (
				4342ADE62C4AD67E005AAAD7 /* Work 10 */,
			);
		};
/* End PBXProject section */

/* Begin PBXResourcesBuildPhase section */
		4342ADE52C4AD67E005AAAD7 /* Resources */ = {
			isa = PBXResourcesBuildPhase;
			buildActionMask = 2147483647;
			files = (
				433D52792C4B3F8800511DF7 /* Property List.plist in Resources */,
				4342ADF52C4AD67F005AAAD7 /* Preview Assets.xcassets in Resources */,
				4342ADF12C4AD67F005AAAD7 /* Assets.xcassets in Resources */,
			);
			runOnlyForDeploymentPostprocessing = 0;
		};
/* End PBXResourcesBuildPhase section */

/* Begin PBXSourcesBuildPhase section */
		4342ADE32C4AD67E005AAAD7 /* Sources */ = {
			isa = PBXSourcesBuildPhase;
			buildActionMask = 2147483647;
			files = (
				43F6BB472C4B280400BFEFCD /* NavigationViewModel.swift in Sources */,
				43812C562C4DA6E800A97C65 /* TaskView.swift in Sources */,
				43F6BB492C4B28F600BFEFCD /* ColorsAndStyles.swift in Sources */,
				433D52762C4B2A3A00511DF7 /* AddItem.swift in Sources */,
				4342ADED2C4AD67E005AAAD7 /* ContentView.swift in Sources */,
				4342ADEF2C4AD67E005AAAD7 /* Item.swift in Sources */,
				4342ADEB2C4AD67E005AAAD7 /* Work_10App.swift in Sources */,
			);
			runOnlyForDeploymentPostprocessing = 0;
		};
/* End PBXSourcesBuildPhase section */

/* Begin XCBuildConfiguration section */
		4342ADF62C4AD67F005AAAD7 /* Debug */ = {
			isa = XCBuildConfiguration;
			buildSettings = {
				ALWAYS_SEARCH_USER_PATHS = NO;
				ASSETCATALOG_COMPILER_GENERATE_SWIFT_ASSET_SYMBOL_EXTENSIONS = YES;
				CLANG_ANALYZER_NONNULL = YES;
				CLANG_ANALYZER_NUMBER_OBJECT_CONVERSION = YES_AGGRESSIVE;
				CLANG_CXX_LANGUAGE_STANDARD = "gnu++20";
				CLANG_ENABLE_MODULES = YES;
				CLANG_ENABLE_OBJC_ARC = YES;
				CLANG_ENABLE_OBJC_WEAK = YES;
				CLANG_WARN_BLOCK_CAPTURE_AUTORELEASING = YES;
				CLANG_WARN_BOOL_CONVERSION = YES;
				CLANG_WARN_COMMA = YES;
				CLANG_WARN_CONSTANT_CONVERSION = YES;
				CLANG_WARN_DEPRECATED_OBJC_IMPLEMENTATIONS = YES;
				CLANG_WARN_DIRECT_OBJC_ISA_USAGE = YES_ERROR;
				CLANG_WARN_DOCUMENTATION_COMMENTS = YES;
				CLANG_WARN_EMPTY_BODY = YES;
				CLANG_WARN_ENUM_CONVERSION = YES;
				CLANG_WARN_INFINITE_RECURSION = YES;
				CLANG_WARN_INT_CONVERSION = YES;
				CLANG_WARN_NON_LITERAL_NULL_CONVERSION = YES;
				CLANG_WARN_OBJC_IMPLICIT_RETAIN_SELF = YES;
				CLANG_WARN_OBJC_LITERAL_CONVERSION = YES;
				CLANG_WARN_OBJC_ROOT_CLASS = YES_ERROR;
				CLANG_WARN_QUOTED_INCLUDE_IN_FRAMEWORK_HEADER = YES;
				CLANG_WARN_RANGE_LOOP_ANALYSIS = YES;
				CLANG_WARN_STRICT_PROTOTYPES = YES;
				CLANG_WARN_SUSPICIOUS_MOVE = YES;
				CLANG_WARN_UNGUARDED_AVAILABILITY = YES_AGGRESSIVE;
				CLANG_WARN_UNREACHABLE_CODE = YES;
				CLANG_WARN__DUPLICATE_METHOD_MATCH = YES;
				COPY_PHASE_STRIP = NO;
				DEBUG_INFORMATION_FORMAT = dwarf;
				ENABLE_STRICT_OBJC_MSGSEND = YES;
				ENABLE_TESTABILITY = YES;
				ENABLE_USER_SCRIPT_SANDBOXING = YES;
				GCC_C_LANGUAGE_STANDARD = gnu17;
				GCC_DYNAMIC_NO_PIC = NO;
				GCC_NO_COMMON_BLOCKS = YES;
				GCC_OPTIMIZATION_LEVEL = 0;
				GCC_PREPROCESSOR_DEFINITIONS = (
					"DEBUG=1",
					"$(inherited)",
				);
				GCC_WARN_64_TO_32_BIT_CONVERSION = YES;
				GCC_WARN_ABOUT_RETURN_TYPE = YES_ERROR;
				GCC_WARN_UNDECLARED_SELECTOR = YES;
				GCC_WARN_UNINITIALIZED_AUTOS = YES_AGGRESSIVE;
				GCC_WARN_UNUSED_FUNCTION = YES;
				GCC_WARN_UNUSED_VARIABLE = YES;
				LOCALIZATION_PREFERS_STRING_CATALOGS = YES;
				MTL_ENABLE_DEBUG_INFO = INCLUDE_SOURCE;
				MTL_FAST_MATH = YES;
				ONLY_ACTIVE_ARCH = YES;
				SWIFT_ACTIVE_COMPILATION_CONDITIONS = "DEBUG $(inherited)";
				SWIFT_OPTIMIZATION_LEVEL = "-Onone";
			};
			name = Debug;
		};
		4342ADF72C4AD67F005AAAD7 /* Release */ = {
			isa = XCBuildConfiguration;
			buildSettings = {
				ALWAYS_SEARCH_USER_PATHS = NO;
				ASSETCATALOG_COMPILER_GENERATE_SWIFT_ASSET_SYMBOL_EXTENSIONS = YES;
				CLANG_ANALYZER_NONNULL = YES;
				CLANG_ANALYZER_NUMBER_OBJECT_CONVERSION = YES_AGGRESSIVE;
				CLANG_CXX_LANGUAGE_STANDARD = "gnu++20";
				CLANG_ENABLE_MODULES = YES;
				CLANG_ENABLE_OBJC_ARC = YES;
				CLANG_ENABLE_OBJC_WEAK = YES;
				CLANG_WARN_BLOCK_CAPTURE_AUTORELEASING = YES;
				CLANG_WARN_BOOL_CONVERSION = YES;
				CLANG_WARN_COMMA = YES;
				CLANG_WARN_CONSTANT_CONVERSION = YES;
				CLANG_WARN_DEPRECATED_OBJC_IMPLEMENTATIONS = YES;
				CLANG_WARN_DIRECT_OBJC_ISA_USAGE = YES_ERROR;
				CLANG_WARN_DOCUMENTATION_COMMENTS = YES;
				CLANG_WARN_EMPTY_BODY = YES;
				CLANG_WARN_ENUM_CONVERSION = YES;
				CLANG_WARN_INFINITE_RECURSION = YES;
				CLANG_WARN_INT_CONVERSION = YES;
				CLANG_WARN_NON_LITERAL_NULL_CONVERSION = YES;
				CLANG_WARN_OBJC_IMPLICIT_RETAIN_SELF = YES;
				CLANG_WARN_OBJC_LITERAL_CONVERSION = YES;
				CLANG_WARN_OBJC_ROOT_CLASS = YES_ERROR;
				CLANG_WARN_QUOTED_INCLUDE_IN_FRAMEWORK_HEADER = YES;
				CLANG_WARN_RANGE_LOOP_ANALYSIS = YES;
				CLANG_WARN_STRICT_PROTOTYPES = YES;
				CLANG_WARN_SUSPICIOUS_MOVE = YES;
				CLANG_WARN_UNGUARDED_AVAILABILITY = YES_AGGRESSIVE;
				CLANG_WARN_UNREACHABLE_CODE = YES;
				CLANG_WARN__DUPLICATE_METHOD_MATCH = YES;
				COPY_PHASE_STRIP = NO;
				DEBUG_INFORMATION_FORMAT = "dwarf-with-dsym";
				ENABLE_NS_ASSERTIONS = NO;
				ENABLE_STRICT_OBJC_MSGSEND = YES;
				ENABLE_USER_SCRIPT_SANDBOXING = YES;
				GCC_C_LANGUAGE_STANDARD = gnu17;
				GCC_NO_COMMON_BLOCKS = YES;
				GCC_WARN_64_TO_32_BIT_CONVERSION = YES;
				GCC_WARN_ABOUT_RETURN_TYPE = YES_ERROR;
				GCC_WARN_UNDECLARED_SELECTOR = YES;
				GCC_WARN_UNINITIALIZED_AUTOS = YES_AGGRESSIVE;
				GCC_WARN_UNUSED_FUNCTION = YES;
				GCC_WARN_UNUSED_VARIABLE = YES;
				LOCALIZATION_PREFERS_STRING_CATALOGS = YES;
				MTL_ENABLE_DEBUG_INFO = NO;
				MTL_FAST_MATH = YES;
				SWIFT_COMPILATION_MODE = wholemodule;
			};
			name = Release;
		};
		4342ADF92C4AD67F005AAAD7 /* Debug */ = {
			isa = XCBuildConfiguration;
			buildSettings = {
				ASSETCATALOG_COMPILER_APPICON_NAME = AppIcon;
				ASSETCATALOG_COMPILER_GLOBAL_ACCENT_COLOR_NAME = AccentColor;
				CODE_SIGN_ENTITLEMENTS = "Work 10/Work_10.entitlements";
				CODE_SIGN_STYLE = Automatic;
				CURRENT_PROJECT_VERSION = 5;
				DEVELOPMENT_ASSET_PATHS = "\"Work 10/Preview Content\"";
				DEVELOPMENT_TEAM = 5BB8VQ988Q;
				ENABLE_HARDENED_RUNTIME = YES;
				ENABLE_PREVIEWS = YES;
				GENERATE_INFOPLIST_FILE = YES;
				INFOPLIST_FILE = "Work-10-Info.plist";
				INFOPLIST_KEY_CFBundleDisplayName = Work10;
				INFOPLIST_KEY_LSApplicationCategoryType = "public.app-category.business";
				"INFOPLIST_KEY_UIApplicationSceneManifest_Generation[sdk=iphoneos*]" = YES;
				"INFOPLIST_KEY_UIApplicationSceneManifest_Generation[sdk=iphonesimulator*]" = YES;
				"INFOPLIST_KEY_UIApplicationSupportsIndirectInputEvents[sdk=iphoneos*]" = YES;
				"INFOPLIST_KEY_UIApplicationSupportsIndirectInputEvents[sdk=iphonesimulator*]" = YES;
				"INFOPLIST_KEY_UILaunchScreen_Generation[sdk=iphoneos*]" = YES;
				"INFOPLIST_KEY_UILaunchScreen_Generation[sdk=iphonesimulator*]" = YES;
				"INFOPLIST_KEY_UIStatusBarStyle[sdk=iphoneos*]" = UIStatusBarStyleDefault;
				"INFOPLIST_KEY_UIStatusBarStyle[sdk=iphonesimulator*]" = UIStatusBarStyleDefault;
				INFOPLIST_KEY_UISupportedInterfaceOrientations_iPad = "UIInterfaceOrientationPortrait UIInterfaceOrientationPortraitUpsideDown UIInterfaceOrientationLandscapeLeft UIInterfaceOrientationLandscapeRight";
				INFOPLIST_KEY_UISupportedInterfaceOrientations_iPhone = "UIInterfaceOrientationPortrait UIInterfaceOrientationLandscapeLeft UIInterfaceOrientationLandscapeRight";
				IPHONEOS_DEPLOYMENT_TARGET = 17.5;
				LD_RUNPATH_SEARCH_PATHS = "@executable_path/Frameworks";
				"LD_RUNPATH_SEARCH_PATHS[sdk=macosx*]" = "@executable_path/../Frameworks";
				MACOSX_DEPLOYMENT_TARGET = 14.0;
				MARKETING_VERSION = 1.04;
				PRODUCT_BUNDLE_IDENTIFIER = "net.pulcer.Work-10";
				PRODUCT_NAME = "$(TARGET_NAME)";
				SDKROOT = auto;
				SUPPORTED_PLATFORMS = "iphoneos iphonesimulator macosx";
				SWIFT_EMIT_LOC_STRINGS = YES;
				SWIFT_VERSION = 5.0;
				TARGETED_DEVICE_FAMILY = "1,2";
			};
			name = Debug;
		};
		4342ADFA2C4AD67F005AAAD7 /* Release */ = {
			isa = XCBuildConfiguration;
			buildSettings = {
				ASSETCATALOG_COMPILER_APPICON_NAME = AppIcon;
				ASSETCATALOG_COMPILER_GLOBAL_ACCENT_COLOR_NAME = AccentColor;
				CODE_SIGN_ENTITLEMENTS = "Work 10/Work_10.entitlements";
				CODE_SIGN_STYLE = Automatic;
				CURRENT_PROJECT_VERSION = 5;
				DEVELOPMENT_ASSET_PATHS = "\"Work 10/Preview Content\"";
				DEVELOPMENT_TEAM = 5BB8VQ988Q;
				ENABLE_HARDENED_RUNTIME = YES;
				ENABLE_PREVIEWS = YES;
				GENERATE_INFOPLIST_FILE = YES;
				INFOPLIST_FILE = "Work-10-Info.plist";
				INFOPLIST_KEY_CFBundleDisplayName = Work10;
				INFOPLIST_KEY_LSApplicationCategoryType = "public.app-category.business";
				"INFOPLIST_KEY_UIApplicationSceneManifest_Generation[sdk=iphoneos*]" = YES;
				"INFOPLIST_KEY_UIApplicationSceneManifest_Generation[sdk=iphonesimulator*]" = YES;
				"INFOPLIST_KEY_UIApplicationSupportsIndirectInputEvents[sdk=iphoneos*]" = YES;
				"INFOPLIST_KEY_UIApplicationSupportsIndirectInputEvents[sdk=iphonesimulator*]" = YES;
				"INFOPLIST_KEY_UILaunchScreen_Generation[sdk=iphoneos*]" = YES;
				"INFOPLIST_KEY_UILaunchScreen_Generation[sdk=iphonesimulator*]" = YES;
				"INFOPLIST_KEY_UIStatusBarStyle[sdk=iphoneos*]" = UIStatusBarStyleDefault;
				"INFOPLIST_KEY_UIStatusBarStyle[sdk=iphonesimulator*]" = UIStatusBarStyleDefault;
				INFOPLIST_KEY_UISupportedInterfaceOrientations_iPad = "UIInterfaceOrientationPortrait UIInterfaceOrientationPortraitUpsideDown UIInterfaceOrientationLandscapeLeft UIInterfaceOrientationLandscapeRight";
				INFOPLIST_KEY_UISupportedInterfaceOrientations_iPhone = "UIInterfaceOrientationPortrait UIInterfaceOrientationLandscapeLeft UIInterfaceOrientationLandscapeRight";
				IPHONEOS_DEPLOYMENT_TARGET = 17.5;
				LD_RUNPATH_SEARCH_PATHS = "@executable_path/Frameworks";
				"LD_RUNPATH_SEARCH_PATHS[sdk=macosx*]" = "@executable_path/../Frameworks";
				MACOSX_DEPLOYMENT_TARGET = 14.0;
				MARKETING_VERSION = 1.04;
				PRODUCT_BUNDLE_IDENTIFIER = "net.pulcer.Work-10";
				PRODUCT_NAME = "$(TARGET_NAME)";
				SDKROOT = auto;
				SUPPORTED_PLATFORMS = "iphoneos iphonesimulator macosx";
				SWIFT_EMIT_LOC_STRINGS = YES;
				SWIFT_VERSION = 5.0;
				TARGETED_DEVICE_FAMILY = "1,2";
			};
			name = Release;
		};
/* End XCBuildConfiguration section */

/* Begin XCConfigurationList section */
		4342ADE22C4AD67E005AAAD7 /* Build configuration list for PBXProject "Work 10" */ = {
			isa = XCConfigurationList;
			buildConfigurations = (
				4342ADF62C4AD67F005AAAD7 /* Debug */,
				4342ADF72C4AD67F005AAAD7 /* Release */,
			);
			defaultConfigurationIsVisible = 0;
			defaultConfigurationName = Release;
		};
		4342ADF82C4AD67F005AAAD7 /* Build configuration list for PBXNativeTarget "Work 10" */ = {
			isa = XCConfigurationList;
			buildConfigurations = (
				4342ADF92C4AD67F005AAAD7 /* Debug */,
				4342ADFA2C4AD67F005AAAD7 /* Release */,
			);
			defaultConfigurationIsVisible = 0;
			defaultConfigurationName = Release;
		};
/* End XCConfigurationList section */
	};
	rootObject = 4342ADDF2C4AD67E005AAAD7 /* Project object */;
}
